
Microsoft Visual Studio Solution File, Format Version 12.00
Project("{FAE04EC0-301F-11D3-BF4B-00C04F79EFBC}") = "PDFLib.Razor", "PDFLib.Razor\PDFLib.Razor.csproj", "{AAAC8B02-5F64-4419-8DC4-90AD5C39EE48}"
EndProject
Project("{FAE04EC0-301F-11D3-BF4B-00C04F79EFBC}") = "PDFLib.Razor.Test", "PDFLib.Razor.Test\PDFLib.Razor.Test.csproj", "{F3650EBE-DD76-48C7-9FD4-D1724472BB01}"
EndProject
Project("{FAE04EC0-301F-11D3-BF4B-00C04F79EFBC}") = "PDFLib.Chromium", "PDFLib.Chromium\PDFLib.Chromium.csproj", "{B72BB04C-49B8-4A23-9E06-56CF42EF04A1}"
EndProject
Project("{2150E333-8FDC-42A3-9474-1A3956D46DE8}") = "Solution Items", "Solution Items", "{D3E5D333-6499-428D-9511-69F8765BCD6B}"
	ProjectSection(SolutionItems) = preProject
		compose.yaml = compose.yaml
		Readme.md = Readme.md
		docfx.json = docfx.json
		index.md = index.md
		toc.yml = toc.yml
		.gitignore = .gitignore
		.github\workflows\nuget-publish.yml = .github\workflows\nuget-publish.yml
	EndProjectSection
EndProject
Project("{FAE04EC0-301F-11D3-BF4B-00C04F79EFBC}") = "Benchmarks", "Benchmarks\Benchmarks.csproj", "{2404B137-4275-4CCD-842B-2A579E56B7E5}"
EndProject
Project("{FAE04EC0-301F-11D3-BF4B-00C04F79EFBC}") = "PDFLib.Chromium.TestConsole", "PDFLib.Chromium.TestConsole\PDFLib.Chromium.TestConsole.csproj", "{9F52F7B8-FC5C-4E79-BFF1-9E53EE322C4F}"
EndProject
Project("{2150E333-8FDC-42A3-9474-1A3956D46DE8}") = "Samples", "Samples", "{2D5F40D5-B4C2-4E20-9183-681FDE31DD49}"
EndProject
Project("{2150E333-8FDC-42A3-9474-1A3956D46DE8}") = "Docs", "Docs", "{D9DE7271-0C9E-4D10-A151-FAA1478C6673}"
	ProjectSection(SolutionItems) = preProject
		docs\introduction.md = docs\introduction.md
		docs\toc.yml = docs\toc.yml
	EndProjectSection
EndProject
Project("{2150E333-8FDC-42A3-9474-1A3956D46DE8}") = "Assets", "Assets", "{774FFDE9-F744-4857-B815-9BDE44291919}"
	ProjectSection(SolutionItems) = preProject
		assets\performance-chart.png = assets\performance-chart.png
		assets\comparisonchart.png = assets\comparisonchart.png
		assets\benchmarks.png = assets\benchmarks.png
	EndProjectSection
EndProject
Global
	GlobalSection(SolutionConfigurationPlatforms) = preSolution
		Debug|Any CPU = Debug|Any CPU
		Release|Any CPU = Release|Any CPU
	EndGlobalSection
	GlobalSection(ProjectConfigurationPlatforms) = postSolution
		{AAAC8B02-5F64-4419-8DC4-90AD5C39EE48}.Debug|Any CPU.ActiveCfg = Debug|Any CPU
		{AAAC8B02-5F64-4419-8DC4-90AD5C39EE48}.Debug|Any CPU.Build.0 = Debug|Any CPU
		{AAAC8B02-5F64-4419-8DC4-90AD5C39EE48}.Release|Any CPU.ActiveCfg = Release|Any CPU
		{AAAC8B02-5F64-4419-8DC4-90AD5C39EE48}.Release|Any CPU.Build.0 = Release|Any CPU
		{F3650EBE-DD76-48C7-9FD4-D1724472BB01}.Debug|Any CPU.ActiveCfg = Debug|Any CPU
		{F3650EBE-DD76-48C7-9FD4-D1724472BB01}.Debug|Any CPU.Build.0 = Debug|Any CPU
		{F3650EBE-DD76-48C7-9FD4-D1724472BB01}.Release|Any CPU.ActiveCfg = Release|Any CPU
		{F3650EBE-DD76-48C7-9FD4-D1724472BB01}.Release|Any CPU.Build.0 = Release|Any CPU
		{B72BB04C-49B8-4A23-9E06-56CF42EF04A1}.Debug|Any CPU.ActiveCfg = Debug|Any CPU
		{B72BB04C-49B8-4A23-9E06-56CF42EF04A1}.Debug|Any CPU.Build.0 = Debug|Any CPU
		{B72BB04C-49B8-4A23-9E06-56CF42EF04A1}.Release|Any CPU.ActiveCfg = Release|Any CPU
		{B72BB04C-49B8-4A23-9E06-56CF42EF04A1}.Release|Any CPU.Build.0 = Release|Any CPU
		{2404B137-4275-4CCD-842B-2A579E56B7E5}.Debug|Any CPU.ActiveCfg = Debug|Any CPU
		{2404B137-4275-4CCD-842B-2A579E56B7E5}.Debug|Any CPU.Build.0 = Debug|Any CPU
		{2404B137-4275-4CCD-842B-2A579E56B7E5}.Release|Any CPU.ActiveCfg = Release|Any CPU
		{2404B137-4275-4CCD-842B-2A579E56B7E5}.Release|Any CPU.Build.0 = Release|Any CPU
		{9F52F7B8-FC5C-4E79-BFF1-9E53EE322C4F}.Debug|Any CPU.ActiveCfg = Debug|Any CPU
		{9F52F7B8-FC5C-4E79-BFF1-9E53EE322C4F}.Debug|Any CPU.Build.0 = Debug|Any CPU
		{9F52F7B8-FC5C-4E79-BFF1-9E53EE322C4F}.Release|Any CPU.ActiveCfg = Release|Any CPU
		{9F52F7B8-FC5C-4E79-BFF1-9E53EE322C4F}.Release|Any CPU.Build.0 = Release|Any CPU
	EndGlobalSection
	GlobalSection(NestedProjects) = preSolution
		{9F52F7B8-FC5C-4E79-BFF1-9E53EE322C4F} = {2D5F40D5-B4C2-4E20-9183-681FDE31DD49}
	EndGlobalSection
EndGlobal
